
Microsoft Visual Studio Solution File, Format Version 12.00
# Visual Studio Version 17
VisualStudioVersion = 17.14.36414.22
MinimumVisualStudioVersion = 10.0.40219.1
Project("{FAE04EC0-301F-11D3-BF4B-00C04F79EFBC}") = "Projeto_RA1", "Projeto_RA1\Projeto_RA1.csproj", "{10657CE1-5895-402E-A408-CFCE5CD103DF}"
EndProject
Project("{FAE04EC0-301F-11D3-BF4B-00C04F79EFBC}") = "MemWriter", "MemWriter\MemWriter.csproj", "{3D098A80-3138-48C1-B3C7-BD63149E5883}"
EndProject
Project("{FAE04EC0-301F-11D3-BF4B-00C04F79EFBC}") = "MemReader", "MemReader\MemReader.csproj", "{540A202F-DE5C-4A65-9233-E80FA60E7EBE}"
EndProject
Project("{FAE04EC0-301F-11D3-BF4B-00C04F79EFBC}") = "SocketServer", "Sockets\SocketServer.csproj", "{0AB4A804-4866-4D15-8665-0B1CFD633172}"
EndProject
Project("{FAE04EC0-301F-11D3-BF4B-00C04F79EFBC}") = "SocketClient", "SocketClient\SocketClient.csproj", "{5D86004A-15E4-430C-B7D1-C7943BFBD39E}"
EndProject
Global
	GlobalSection(SolutionConfigurationPlatforms) = preSolution
		Debug|Any CPU = Debug|Any CPU
		Release|Any CPU = Release|Any CPU
	EndGlobalSection
	GlobalSection(ProjectConfigurationPlatforms) = postSolution
		{10657CE1-5895-402E-A408-CFCE5CD103DF}.Debug|Any CPU.ActiveCfg = Debug|Any CPU
		{10657CE1-5895-402E-A408-CFCE5CD103DF}.Debug|Any CPU.Build.0 = Debug|Any CPU
		{10657CE1-5895-402E-A408-CFCE5CD103DF}.Release|Any CPU.ActiveCfg = Release|Any CPU
		{10657CE1-5895-402E-A408-CFCE5CD103DF}.Release|Any CPU.Build.0 = Release|Any CPU
		{3D098A80-3138-48C1-B3C7-BD63149E5883}.Debug|Any CPU.ActiveCfg = Debug|Any CPU
		{3D098A80-3138-48C1-B3C7-BD63149E5883}.Debug|Any CPU.Build.0 = Debug|Any CPU
		{3D098A80-3138-48C1-B3C7-BD63149E5883}.Release|Any CPU.ActiveCfg = Release|Any CPU
		{3D098A80-3138-48C1-B3C7-BD63149E5883}.Release|Any CPU.Build.0 = Release|Any CPU
		{540A202F-DE5C-4A65-9233-E80FA60E7EBE}.Debug|Any CPU.ActiveCfg = Debug|Any CPU
		{540A202F-DE5C-4A65-9233-E80FA60E7EBE}.Debug|Any CPU.Build.0 = Debug|Any CPU
		{540A202F-DE5C-4A65-9233-E80FA60E7EBE}.Release|Any CPU.ActiveCfg = Release|Any CPU
		{540A202F-DE5C-4A65-9233-E80FA60E7EBE}.Release|Any CPU.Build.0 = Release|Any CPU
		{0AB4A804-4866-4D15-8665-0B1CFD633172}.Debug|Any CPU.ActiveCfg = Debug|Any CPU
		{0AB4A804-4866-4D15-8665-0B1CFD633172}.Debug|Any CPU.Build.0 = Debug|Any CPU
		{0AB4A804-4866-4D15-8665-0B1CFD633172}.Release|Any CPU.ActiveCfg = Release|Any CPU
		{0AB4A804-4866-4D15-8665-0B1CFD633172}.Release|Any CPU.Build.0 = Release|Any CPU
		{5D86004A-15E4-430C-B7D1-C7943BFBD39E}.Debug|Any CPU.ActiveCfg = Debug|Any CPU
		{5D86004A-15E4-430C-B7D1-C7943BFBD39E}.Debug|Any CPU.Build.0 = Debug|Any CPU
		{5D86004A-15E4-430C-B7D1-C7943BFBD39E}.Release|Any CPU.ActiveCfg = Release|Any CPU
		{5D86004A-15E4-430C-B7D1-C7943BFBD39E}.Release|Any CPU.Build.0 = Release|Any CPU
	EndGlobalSection
	GlobalSection(SolutionProperties) = preSolution
		HideSolutionNode = FALSE
	EndGlobalSection
	GlobalSection(ExtensibilityGlobals) = postSolution
		SolutionGuid = {40418A3C-F723-42EC-B109-DD9B68613A31}
	EndGlobalSection
EndGlobal
