
Microsoft Visual Studio Solution File, Format Version 12.00
# Visual Studio Version 17
VisualStudioVersion = 17.14.36414.22
MinimumVisualStudioVersion = 10.0.40219.1
Project("{FAE04EC0-301F-11D3-BF4B-00C04F79EFBC}") = "Projeto_RA1", "Projeto_RA1\Projeto_RA1.csproj", "{10657CE1-5895-402E-A408-CFCE5CD103DF}"
EndProject
Project("{FAE04EC0-301F-11D3-BF4B-00C04F79EFBC}") = "MemWriter", "MemWriter\MemWriter.csproj", "{3D098A80-3138-48C1-B3C7-BD63149E5883}"
EndProject
Project("{FAE04EC0-301F-11D3-BF4B-00C04F79EFBC}") = "MemReader", "MemReader\MemReader.csproj", "{540A202F-DE5C-4A65-9233-E80FA60E7EBE}"
EndProject
Project("{FAE04EC0-301F-11D3-BF4B-00C04F79EFBC}") = "SocketServer", "Sockets\SocketServer.csproj", "{0AB4A804-4866-4D15-8665-0B1CFD633172}"
EndProject
Project("{FAE04EC0-301F-11D3-BF4B-00C04F79EFBC}") = "SocketClient", "SocketClient\SocketClient.csproj", "{5D86004A-15E4-430C-B7D1-C7943BFBD39E}"
EndProject
Project("{FAE04EC0-301F-11D3-BF4B-00C04F79EFBC}") = "PipeReader", "PipeReader\PipeReader.csproj", "{0955CE58-FE57-452C-9B80-1918A6B69736}"
EndProject
Project("{FAE04EC0-301F-11D3-BF4B-00C04F79EFBC}") = "PipeWriter", "PipeWriter\PipeWriter.csproj", "{843F7C1C-E460-4546-B2FF-864BFC255BED}"
EndProject
Project("{2150E333-8FDC-42A3-9474-1A3956D46DE8}") = "frontend", "frontend", "{02EA681E-C7D8-13C7-8484-4AC65E1B71E8}"
EndProject
Project("{2150E333-8FDC-42A3-9474-1A3956D46DE8}") = "backend", "backend", "{DF18A1F0-E19F-45EF-AA72-A44CC707F49B}"
EndProject
Project("{2150E333-8FDC-42A3-9474-1A3956D46DE8}") = "Shared Memory", "Shared Memory", "{444CD253-AD7E-4B50-97CA-2AE6C16C61F0}"
EndProject
Project("{2150E333-8FDC-42A3-9474-1A3956D46DE8}") = "Pipes", "Pipes", "{09FF3C09-98E2-4AFA-A2B7-5DEB95DAE56C}"
EndProject
Project("{2150E333-8FDC-42A3-9474-1A3956D46DE8}") = "Sockets", "Sockets", "{DEDE26EC-232E-4ED2-8E0C-ACC6887184DE}"
EndProject
Project("{FAE04EC0-301F-11D3-BF4B-00C04F79EFBC}") = "MemConfig", "ShMemConfig\MemConfig.csproj", "{8D068098-5A4E-4230-89F9-990E03F37078}"
EndProject
Project("{FAE04EC0-301F-11D3-BF4B-00C04F79EFBC}") = "PipeConfig", "PipeConfig\PipeConfig.csproj", "{F5618475-91A5-4890-B6D9-27801F9A40BE}"
EndProject
Global
	GlobalSection(SolutionConfigurationPlatforms) = preSolution
		Debug|Any CPU = Debug|Any CPU
		Release|Any CPU = Release|Any CPU
	EndGlobalSection
	GlobalSection(ProjectConfigurationPlatforms) = postSolution
		{10657CE1-5895-402E-A408-CFCE5CD103DF}.Debug|Any CPU.ActiveCfg = Debug|Any CPU
		{10657CE1-5895-402E-A408-CFCE5CD103DF}.Debug|Any CPU.Build.0 = Debug|Any CPU
		{10657CE1-5895-402E-A408-CFCE5CD103DF}.Release|Any CPU.ActiveCfg = Release|Any CPU
		{10657CE1-5895-402E-A408-CFCE5CD103DF}.Release|Any CPU.Build.0 = Release|Any CPU
		{3D098A80-3138-48C1-B3C7-BD63149E5883}.Debug|Any CPU.ActiveCfg = Debug|Any CPU
		{3D098A80-3138-48C1-B3C7-BD63149E5883}.Debug|Any CPU.Build.0 = Debug|Any CPU
		{3D098A80-3138-48C1-B3C7-BD63149E5883}.Release|Any CPU.ActiveCfg = Release|Any CPU
		{3D098A80-3138-48C1-B3C7-BD63149E5883}.Release|Any CPU.Build.0 = Release|Any CPU
		{540A202F-DE5C-4A65-9233-E80FA60E7EBE}.Debug|Any CPU.ActiveCfg = Debug|Any CPU
		{540A202F-DE5C-4A65-9233-E80FA60E7EBE}.Debug|Any CPU.Build.0 = Debug|Any CPU
		{540A202F-DE5C-4A65-9233-E80FA60E7EBE}.Release|Any CPU.ActiveCfg = Release|Any CPU
		{540A202F-DE5C-4A65-9233-E80FA60E7EBE}.Release|Any CPU.Build.0 = Release|Any CPU
		{0AB4A804-4866-4D15-8665-0B1CFD633172}.Debug|Any CPU.ActiveCfg = Debug|Any CPU
		{0AB4A804-4866-4D15-8665-0B1CFD633172}.Debug|Any CPU.Build.0 = Debug|Any CPU
		{0AB4A804-4866-4D15-8665-0B1CFD633172}.Release|Any CPU.ActiveCfg = Release|Any CPU
		{0AB4A804-4866-4D15-8665-0B1CFD633172}.Release|Any CPU.Build.0 = Release|Any CPU
		{5D86004A-15E4-430C-B7D1-C7943BFBD39E}.Debug|Any CPU.ActiveCfg = Debug|Any CPU
		{5D86004A-15E4-430C-B7D1-C7943BFBD39E}.Debug|Any CPU.Build.0 = Debug|Any CPU
		{5D86004A-15E4-430C-B7D1-C7943BFBD39E}.Release|Any CPU.ActiveCfg = Release|Any CPU
		{5D86004A-15E4-430C-B7D1-C7943BFBD39E}.Release|Any CPU.Build.0 = Release|Any CPU
		{0955CE58-FE57-452C-9B80-1918A6B69736}.Debug|Any CPU.ActiveCfg = Debug|Any CPU
		{0955CE58-FE57-452C-9B80-1918A6B69736}.Debug|Any CPU.Build.0 = Debug|Any CPU
		{0955CE58-FE57-452C-9B80-1918A6B69736}.Release|Any CPU.ActiveCfg = Release|Any CPU
		{0955CE58-FE57-452C-9B80-1918A6B69736}.Release|Any CPU.Build.0 = Release|Any CPU
		{843F7C1C-E460-4546-B2FF-864BFC255BED}.Debug|Any CPU.ActiveCfg = Debug|Any CPU
		{843F7C1C-E460-4546-B2FF-864BFC255BED}.Debug|Any CPU.Build.0 = Debug|Any CPU
		{843F7C1C-E460-4546-B2FF-864BFC255BED}.Release|Any CPU.ActiveCfg = Release|Any CPU
		{843F7C1C-E460-4546-B2FF-864BFC255BED}.Release|Any CPU.Build.0 = Release|Any CPU
		{8D068098-5A4E-4230-89F9-990E03F37078}.Debug|Any CPU.ActiveCfg = Debug|Any CPU
		{8D068098-5A4E-4230-89F9-990E03F37078}.Debug|Any CPU.Build.0 = Debug|Any CPU
		{8D068098-5A4E-4230-89F9-990E03F37078}.Release|Any CPU.ActiveCfg = Release|Any CPU
		{8D068098-5A4E-4230-89F9-990E03F37078}.Release|Any CPU.Build.0 = Release|Any CPU
		{F5618475-91A5-4890-B6D9-27801F9A40BE}.Debug|Any CPU.ActiveCfg = Debug|Any CPU
		{F5618475-91A5-4890-B6D9-27801F9A40BE}.Debug|Any CPU.Build.0 = Debug|Any CPU
		{F5618475-91A5-4890-B6D9-27801F9A40BE}.Release|Any CPU.ActiveCfg = Release|Any CPU
		{F5618475-91A5-4890-B6D9-27801F9A40BE}.Release|Any CPU.Build.0 = Release|Any CPU
	EndGlobalSection
	GlobalSection(SolutionProperties) = preSolution
		HideSolutionNode = FALSE
	EndGlobalSection
	GlobalSection(NestedProjects) = preSolution
		{10657CE1-5895-402E-A408-CFCE5CD103DF} = {02EA681E-C7D8-13C7-8484-4AC65E1B71E8}
		{3D098A80-3138-48C1-B3C7-BD63149E5883} = {444CD253-AD7E-4B50-97CA-2AE6C16C61F0}
		{540A202F-DE5C-4A65-9233-E80FA60E7EBE} = {444CD253-AD7E-4B50-97CA-2AE6C16C61F0}
		{0AB4A804-4866-4D15-8665-0B1CFD633172} = {DEDE26EC-232E-4ED2-8E0C-ACC6887184DE}
		{5D86004A-15E4-430C-B7D1-C7943BFBD39E} = {DEDE26EC-232E-4ED2-8E0C-ACC6887184DE}
		{0955CE58-FE57-452C-9B80-1918A6B69736} = {09FF3C09-98E2-4AFA-A2B7-5DEB95DAE56C}
		{843F7C1C-E460-4546-B2FF-864BFC255BED} = {09FF3C09-98E2-4AFA-A2B7-5DEB95DAE56C}
		{444CD253-AD7E-4B50-97CA-2AE6C16C61F0} = {DF18A1F0-E19F-45EF-AA72-A44CC707F49B}
		{09FF3C09-98E2-4AFA-A2B7-5DEB95DAE56C} = {DF18A1F0-E19F-45EF-AA72-A44CC707F49B}
		{DEDE26EC-232E-4ED2-8E0C-ACC6887184DE} = {DF18A1F0-E19F-45EF-AA72-A44CC707F49B}
		{8D068098-5A4E-4230-89F9-990E03F37078} = {444CD253-AD7E-4B50-97CA-2AE6C16C61F0}
		{F5618475-91A5-4890-B6D9-27801F9A40BE} = {09FF3C09-98E2-4AFA-A2B7-5DEB95DAE56C}
	EndGlobalSection
	GlobalSection(ExtensibilityGlobals) = postSolution
		SolutionGuid = {40418A3C-F723-42EC-B109-DD9B68613A31}
	EndGlobalSection
EndGlobal
